
Microsoft Visual Studio Solution File, Format Version 12.00
Project("{FAE04EC0-301F-11D3-BF4B-00C04F79EFBC}") = "Guess a Number", "Guess a Number\Guess a Number.csproj", "{E429EB87-AC26-45C8-8FBF-82084350DAF3}"
EndProject
Global
	GlobalSection(SolutionConfigurationPlatforms) = preSolution
		Debug|Any CPU = Debug|Any CPU
		Release|Any CPU = Release|Any CPU
	EndGlobalSection
	GlobalSection(ProjectConfigurationPlatforms) = postSolution
		{E429EB87-AC26-45C8-8FBF-82084350DAF3}.Debug|Any CPU.ActiveCfg = Debug|Any CPU
		{E429EB87-AC26-45C8-8FBF-82084350DAF3}.Debug|Any CPU.Build.0 = Debug|Any CPU
		{E429EB87-AC26-45C8-8FBF-82084350DAF3}.Release|Any CPU.ActiveCfg = Release|Any CPU
		{E429EB87-AC26-45C8-8FBF-82084350DAF3}.Release|Any CPU.Build.0 = Release|Any CPU
	EndGlobalSection
EndGlobal
